
Microsoft Visual Studio Solution File, Format Version 11.00
# Visual Studio 2010
Project("{FAE04EC0-301F-11D3-BF4B-00C04F79EFBC}") = "Demo", "Demo\Demo.csproj", "{005A93D0-423B-4C9D-8E97-FB0B1310CDB0}"
EndProject
Global
	GlobalSection(SolutionConfigurationPlatforms) = preSolution
		Debug|Any CPU = Debug|Any CPU
		Release|Any CPU = Release|Any CPU
	EndGlobalSection
	GlobalSection(ProjectConfigurationPlatforms) = postSolution
		{005A93D0-423B-4C9D-8E97-FB0B1310CDB0}.Debug|Any CPU.ActiveCfg = Debug|Any CPU
		{005A93D0-423B-4C9D-8E97-FB0B1310CDB0}.Debug|Any CPU.Build.0 = Debug|Any CPU
		{005A93D0-423B-4C9D-8E97-FB0B1310CDB0}.Release|Any CPU.ActiveCfg = Release|Any CPU
		{005A93D0-423B-4C9D-8E97-FB0B1310CDB0}.Release|Any CPU.Build.0 = Release|Any CPU
	EndGlobalSection
	GlobalSection(SolutionProperties) = preSolution
		HideSolutionNode = FALSE
	EndGlobalSection
EndGlobal
